// !$*UTF8*$!
{
	archiveVersion = 1;
	classes = {
	};
	objectVersion = 77;
	objects = {

/* Begin PBXBuildFile section */
		A480F2A82F2CF134005B95C5 /* Auth in Frameworks */ = {isa = PBXBuildFile; productRef = A480F2A72F2CF134005B95C5 /* Auth */; };
		A480F2AA2F2CF134005B95C5 /* Functions in Frameworks */ = {isa = PBXBuildFile; productRef = A480F2A92F2CF134005B95C5 /* Functions */; };
		A480F2AC2F2CF134005B95C5 /* PostgREST in Frameworks */ = {isa = PBXBuildFile; productRef = A480F2AB2F2CF134005B95C5 /* PostgREST */; };
		A480F2AE2F2CF134005B95C5 /* Realtime in Frameworks */ = {isa = PBXBuildFile; productRef = A480F2AD2F2CF134005B95C5 /* Realtime */; };
		A480F2B02F2CF134005B95C5 /* Storage in Frameworks */ = {isa = PBXBuildFile; productRef = A480F2AF2F2CF134005B95C5 /* Storage */; };
		A480F2B22F2CF200005B95C5 /* Supabase in Frameworks */ = {isa = PBXBuildFile; productRef = A480F2B12F2CF200005B95C5 /* Supabase */; };
/* End PBXBuildFile section */

/* Begin PBXFileReference section */
		A480F2982F2CF09F005B95C5 /* FitAi.app */ = {isa = PBXFileReference; explicitFileType = wrapper.application; includeInIndex = 0; path = FitAi.app; sourceTree = BUILT_PRODUCTS_DIR; };
/* End PBXFileReference section */

/* Begin PBXFileSystemSynchronizedRootGroup section */
		A480F29A2F2CF09F005B95C5 /* FitAi */ = {
			isa = PBXFileSystemSynchronizedRootGroup;
			path = FitAi;
			sourceTree = "<group>";
		};
/* End PBXFileSystemSynchronizedRootGroup section */

/* Begin PBXFrameworksBuildPhase section */
		A480F2952F2CF09F005B95C5 /* Frameworks */ = {
			isa = PBXFrameworksBuildPhase;
			buildActionMask = 2147483647;
			files = (
				A480F2AC2F2CF134005B95C5 /* PostgREST in Frameworks */,
				A480F2AA2F2CF134005B95C5 /* Functions in Frameworks */,
				A480F2A82F2CF134005B95C5 /* Auth in Frameworks */,
				A480F2B02F2CF134005B95C5 /* Storage in Frameworks */,
				A480F2AE2F2CF134005B95C5 /* Realtime in Frameworks */,
				A480F2B22F2CF200005B95C5 /* Supabase in Frameworks */,
			);
			runOnlyForDeploymentPostprocessing = 0;
		};
/* End PBXFrameworksBuildPhase section */

/* Begin PBXGroup section */
		A480F28F2F2CF09F005B95C5 = {
			isa = PBXGroup;
			children = (
				A480F29A2F2CF09F005B95C5 /* FitAi */,
				A480F2992F2CF09F005B95C5 /* Products */,
			);
			sourceTree = "<group>";
		};
		A480F2992F2CF09F005B95C5 /* Products */ = {
			isa = PBXGroup;
			children = (
				A480F2982F2CF09F005B95C5 /* FitAi.app */,
			);
			name = Products;
			sourceTree = "<group>";
		};
/* End PBXGroup section */

/* Begin PBXNativeTarget section */
		A480F2972F2CF09F005B95C5 /* FitAi */ = {
			isa = PBXNativeTarget;
			buildConfigurationList = A480F2A32F2CF09F005B95C5 /* Build configuration list for PBXNativeTarget "FitAi" */;
			buildPhases = (
				A480F2942F2CF09F005B95C5 /* Sources */,
				A480F2952F2CF09F005B95C5 /* Frameworks */,
				A480F2962F2CF09F005B95C5 /* Resources */,
			);
			buildRules = (
			);
			dependencies = (
			);
			fileSystemSynchronizedGroups = (
				A480F29A2F2CF09F005B95C5 /* FitAi */,
			);
			name = FitAi;
			packageProductDependencies = (
				A480F2A72F2CF134005B95C5 /* Auth */,
				A480F2A92F2CF134005B95C5 /* Functions */,
				A480F2AB2F2CF134005B95C5 /* PostgREST */,
				A480F2AD2F2CF134005B95C5 /* Realtime */,
				A480F2AF2F2CF134005B95C5 /* Storage */,
				A480F2B12F2CF200005B95C5 /* Supabase */,
			);
			productName = FitAi;
			productReference = A480F2982F2CF09F005B95C5 /* FitAi.app */;
			productType = "com.apple.product-type.application";
		};
/* End PBXNativeTarget section */

/* Begin PBXProject section */
		A480F2902F2CF09F005B95C5 /* Project object */ = {
			isa = PBXProject;
			attributes = {
				BuildIndependentTargetsInParallel = 1;
				LastSwiftUpdateCheck = 2620;
				LastUpgradeCheck = 2620;
				TargetAttributes = {
					A480F2972F2CF09F005B95C5 = {
						CreatedOnToolsVersion = 26.2;
					};
				};
			};
			buildConfigurationList = A480F2932F2CF09F005B95C5 /* Build configuration list for PBXProject "FitAi" */;
			developmentRegion = en;
			hasScannedForEncodings = 0;
			knownRegions = (
				en,
				Base,
			);
			mainGroup = A480F28F2F2CF09F005B95C5;
			minimizedProjectReferenceProxies = 1;
			packageReferences = (
				A480F2A62F2CF134005B95C5 /* XCRemoteSwiftPackageReference "supabase-swift" */,
			);
			preferredProjectObjectVersion = 77;
			productRefGroup = A480F2992F2CF09F005B95C5 /* Products */;
			projectDirPath = "";
			projectRoot = "";
			targets = (
				A480F2972F2CF09F005B95C5 /* FitAi */,
			);
		};
/* End PBXProject section */

/* Begin PBXResourcesBuildPhase section */
		A480F2962F2CF09F005B95C5 /* Resources */ = {
			isa = PBXResourcesBuildPhase;
			buildActionMask = 2147483647;
			files = (
			);
			runOnlyForDeploymentPostprocessing = 0;
		};
/* End PBXResourcesBuildPhase section */

/* Begin PBXSourcesBuildPhase section */
		A480F2942F2CF09F005B95C5 /* Sources */ = {
			isa = PBXSourcesBuildPhase;
			buildActionMask = 2147483647;
			files = (
			);
			runOnlyForDeploymentPostprocessing = 0;
		};
/* End PBXSourcesBuildPhase section */

/* Begin XCBuildConfiguration section */
		A480F2A12F2CF09F005B95C5 /* Debug */ = {
			isa = XCBuildConfiguration;
			buildSettings = {
				ALWAYS_SEARCH_USER_PATHS = NO;
				ASSETCATALOG_COMPILER_GENERATE_SWIFT_ASSET_SYMBOL_EXTENSIONS = YES;
				CLANG_ANALYZER_NONNULL = YES;
				CLANG_ANALYZER_NUMBER_OBJECT_CONVERSION = YES_AGGRESSIVE;
				CLANG_CXX_LANGUAGE_STANDARD = "gnu++20";
				CLANG_ENABLE_MODULES = YES;
				CLANG_ENABLE_OBJC_ARC = YES;
				CLANG_ENABLE_OBJC_WEAK = YES;
				CLANG_WARN_BLOCK_CAPTURE_AUTORELEASING = YES;
				CLANG_WARN_BOOL_CONVERSION = YES;
				CLANG_WARN_COMMA = YES;
				CLANG_WARN_CONSTANT_CONVERSION = YES;
				CLANG_WARN_DEPRECATED_OBJC_IMPLEMENTATIONS = YES;
				CLANG_WARN_DIRECT_OBJC_ISA_USAGE = YES_ERROR;
				CLANG_WARN_DOCUMENTATION_COMMENTS = YES;
				CLANG_WARN_EMPTY_BODY = YES;
				CLANG_WARN_ENUM_CONVERSION = YES;
				CLANG_WARN_INFINITE_RECURSION = YES;
				CLANG_WARN_INT_CONVERSION = YES;
				CLANG_WARN_NON_LITERAL_NULL_CONVERSION = YES;
				CLANG_WARN_OBJC_IMPLICIT_RETAIN_SELF = YES;
				CLANG_WARN_OBJC_LITERAL_CONVERSION = YES;
				CLANG_WARN_OBJC_ROOT_CLASS = YES_ERROR;
				CLANG_WARN_QUOTED_INCLUDE_IN_FRAMEWORK_HEADER = YES;
				CLANG_WARN_RANGE_LOOP_ANALYSIS = YES;
				CLANG_WARN_STRICT_PROTOTYPES = YES;
				CLANG_WARN_SUSPICIOUS_MOVE = YES;
				CLANG_WARN_UNGUARDED_AVAILABILITY = YES_AGGRESSIVE;
				CLANG_WARN_UNREACHABLE_CODE = YES;
				CLANG_WARN__DUPLICATE_METHOD_MATCH = YES;
				COPY_PHASE_STRIP = NO;
				DEBUG_INFORMATION_FORMAT = dwarf;
				ENABLE_STRICT_OBJC_MSGSEND = YES;
				ENABLE_TESTABILITY = YES;
				ENABLE_USER_SCRIPT_SANDBOXING = YES;
				GCC_C_LANGUAGE_STANDARD = gnu17;
				GCC_DYNAMIC_NO_PIC = NO;
				GCC_NO_COMMON_BLOCKS = YES;
				GCC_OPTIMIZATION_LEVEL = 0;
				GCC_PREPROCESSOR_DEFINITIONS = (
					"DEBUG=1",
					"$(inherited)",
				);
				GCC_WARN_64_TO_32_BIT_CONVERSION = YES;
				GCC_WARN_ABOUT_RETURN_TYPE = YES_ERROR;
				GCC_WARN_UNDECLARED_SELECTOR = YES;
				GCC_WARN_UNINITIALIZED_AUTOS = YES_AGGRESSIVE;
				GCC_WARN_UNUSED_FUNCTION = YES;
				GCC_WARN_UNUSED_VARIABLE = YES;
				IPHONEOS_DEPLOYMENT_TARGET = 26.2;
				LOCALIZATION_PREFERS_STRING_CATALOGS = YES;
				MTL_ENABLE_DEBUG_INFO = INCLUDE_SOURCE;
				MTL_FAST_MATH = YES;
				ONLY_ACTIVE_ARCH = YES;
				SDKROOT = iphoneos;
				SWIFT_ACTIVE_COMPILATION_CONDITIONS = "DEBUG $(inherited)";
				SWIFT_OPTIMIZATION_LEVEL = "-Onone";
			};
			name = Debug;
		};
		A480F2A22F2CF09F005B95C5 /* Release */ = {
			isa = XCBuildConfiguration;
			buildSettings = {
				ALWAYS_SEARCH_USER_PATHS = NO;
				ASSETCATALOG_COMPILER_GENERATE_SWIFT_ASSET_SYMBOL_EXTENSIONS = YES;
				CLANG_ANALYZER_NONNULL = YES;
				CLANG_ANALYZER_NUMBER_OBJECT_CONVERSION = YES_AGGRESSIVE;
				CLANG_CXX_LANGUAGE_STANDARD = "gnu++20";
				CLANG_ENABLE_MODULES = YES;
				CLANG_ENABLE_OBJC_ARC = YES;
				CLANG_ENABLE_OBJC_WEAK = YES;
				CLANG_WARN_BLOCK_CAPTURE_AUTORELEASING = YES;
				CLANG_WARN_BOOL_CONVERSION = YES;
				CLANG_WARN_COMMA = YES;
				CLANG_WARN_CONSTANT_CONVERSION = YES;
				CLANG_WARN_DEPRECATED_OBJC_IMPLEMENTATIONS = YES;
				CLANG_WARN_DIRECT_OBJC_ISA_USAGE = YES_ERROR;
				CLANG_WARN_DOCUMENTATION_COMMENTS = YES;
				CLANG_WARN_EMPTY_BODY = YES;
				CLANG_WARN_ENUM_CONVERSION = YES;
				CLANG_WARN_INFINITE_RECURSION = YES;
				CLANG_WARN_INT_CONVERSION = YES;
				CLANG_WARN_NON_LITERAL_NULL_CONVERSION = YES;
				CLANG_WARN_OBJC_IMPLICIT_RETAIN_SELF = YES;
				CLANG_WARN_OBJC_LITERAL_CONVERSION = YES;
				CLANG_WARN_OBJC_ROOT_CLASS = YES_ERROR;
				CLANG_WARN_QUOTED_INCLUDE_IN_FRAMEWORK_HEADER = YES;
				CLANG_WARN_RANGE_LOOP_ANALYSIS = YES;
				CLANG_WARN_STRICT_PROTOTYPES = YES;
				CLANG_WARN_SUSPICIOUS_MOVE = YES;
				CLANG_WARN_UNGUARDED_AVAILABILITY = YES_AGGRESSIVE;
				CLANG_WARN_UNREACHABLE_CODE = YES;
				CLANG_WARN__DUPLICATE_METHOD_MATCH = YES;
				COPY_PHASE_STRIP = NO;
				DEBUG_INFORMATION_FORMAT = "dwarf-with-dsym";
				ENABLE_NS_ASSERTIONS = NO;
				ENABLE_STRICT_OBJC_MSGSEND = YES;
				ENABLE_USER_SCRIPT_SANDBOXING = YES;
				GCC_C_LANGUAGE_STANDARD = gnu17;
				GCC_NO_COMMON_BLOCKS = YES;
				GCC_WARN_64_TO_32_BIT_CONVERSION = YES;
				GCC_WARN_ABOUT_RETURN_TYPE = YES_ERROR;
				GCC_WARN_UNDECLARED_SELECTOR = YES;
				GCC_WARN_UNINITIALIZED_AUTOS = YES_AGGRESSIVE;
				GCC_WARN_UNUSED_FUNCTION = YES;
				GCC_WARN_UNUSED_VARIABLE = YES;
				IPHONEOS_DEPLOYMENT_TARGET = 26.2;
				LOCALIZATION_PREFERS_STRING_CATALOGS = YES;
				MTL_ENABLE_DEBUG_INFO = NO;
				MTL_FAST_MATH = YES;
				SDKROOT = iphoneos;
				SWIFT_COMPILATION_MODE = wholemodule;
				VALIDATE_PRODUCT = YES;
			};
			name = Release;
		};
		A480F2A42F2CF09F005B95C5 /* Debug */ = {
			isa = XCBuildConfiguration;
			buildSettings = {
				ASSETCATALOG_COMPILER_APPICON_NAME = AppIcon;
				ASSETCATALOG_COMPILER_GLOBAL_ACCENT_COLOR_NAME = AccentColor;
				CODE_SIGN_ENTITLEMENTS = FitAi/FitAi.entitlements;
				CODE_SIGN_STYLE = Automatic;
				CURRENT_PROJECT_VERSION = 1;
				DEVELOPMENT_TEAM = L7883RZFMD;
				ENABLE_PREVIEWS = YES;
				GENERATE_INFOPLIST_FILE = YES;
				INFOPLIST_KEY_NSCameraUsageDescription = "FitAi needs camera access to take photos of your food for nutritional analysis.";
				INFOPLIST_KEY_NSHealthShareUsageDescription = "FitAi needs access to your health data to personalize your fitness recommendations, pre-fill your profile information, and track your progress over time.";
				INFOPLIST_KEY_NSHealthUpdateUsageDescription = "FitAi can save your workout data to Apple Health to keep all your fitness information in one place.";
				INFOPLIST_KEY_NSPhotoLibraryUsageDescription = "FitAi needs photo library access to select food photos for nutritional analysis.";
				INFOPLIST_KEY_UIApplicationSceneManifest_Generation = YES;
				INFOPLIST_KEY_UIApplicationSupportsIndirectInputEvents = YES;
				INFOPLIST_KEY_UILaunchScreen_Generation = YES;
				INFOPLIST_KEY_UISupportedInterfaceOrientations_iPad = "UIInterfaceOrientationPortrait UIInterfaceOrientationPortraitUpsideDown UIInterfaceOrientationLandscapeLeft UIInterfaceOrientationLandscapeRight";
				INFOPLIST_KEY_UISupportedInterfaceOrientations_iPhone = "UIInterfaceOrientationPortrait UIInterfaceOrientationLandscapeLeft UIInterfaceOrientationLandscapeRight";
				LD_RUNPATH_SEARCH_PATHS = (
					"$(inherited)",
					"@executable_path/Frameworks",
				);
				MARKETING_VERSION = 1.0;
				PRODUCT_BUNDLE_IDENTIFIER = Aithon.FitAi;
				PRODUCT_NAME = "$(TARGET_NAME)";
				STRING_CATALOG_GENERATE_SYMBOLS = YES;
				SWIFT_APPROACHABLE_CONCURRENCY = YES;
				SWIFT_DEFAULT_ACTOR_ISOLATION = MainActor;
				SWIFT_EMIT_LOC_STRINGS = YES;
				SWIFT_UPCOMING_FEATURE_MEMBER_IMPORT_VISIBILITY = YES;
				SWIFT_VERSION = 5.0;
				TARGETED_DEVICE_FAMILY = "1,2";
			};
			name = Debug;
		};
		A480F2A52F2CF09F005B95C5 /* Release */ = {
			isa = XCBuildConfiguration;
			buildSettings = {
				ASSETCATALOG_COMPILER_APPICON_NAME = AppIcon;
				ASSETCATALOG_COMPILER_GLOBAL_ACCENT_COLOR_NAME = AccentColor;
				CODE_SIGN_ENTITLEMENTS = FitAi/FitAi.entitlements;
				CODE_SIGN_STYLE = Automatic;
				CURRENT_PROJECT_VERSION = 1;
				DEVELOPMENT_TEAM = L7883RZFMD;
				ENABLE_PREVIEWS = YES;
				GENERATE_INFOPLIST_FILE = YES;
				INFOPLIST_KEY_NSCameraUsageDescription = "FitAi needs camera access to take photos of your food for nutritional analysis.";
				INFOPLIST_KEY_NSHealthShareUsageDescription = "FitAi needs access to your health data to personalize your fitness recommendations, pre-fill your profile information, and track your progress over time.";
				INFOPLIST_KEY_NSHealthUpdateUsageDescription = "FitAi can save your workout data to Apple Health to keep all your fitness information in one place.";
				INFOPLIST_KEY_NSPhotoLibraryUsageDescription = "FitAi needs photo library access to select food photos for nutritional analysis.";
				INFOPLIST_KEY_UIApplicationSceneManifest_Generation = YES;
				INFOPLIST_KEY_UIApplicationSupportsIndirectInputEvents = YES;
				INFOPLIST_KEY_UILaunchScreen_Generation = YES;
				INFOPLIST_KEY_UISupportedInterfaceOrientations_iPad = "UIInterfaceOrientationPortrait UIInterfaceOrientationPortraitUpsideDown UIInterfaceOrientationLandscapeLeft UIInterfaceOrientationLandscapeRight";
				INFOPLIST_KEY_UISupportedInterfaceOrientations_iPhone = "UIInterfaceOrientationPortrait UIInterfaceOrientationLandscapeLeft UIInterfaceOrientationLandscapeRight";
				LD_RUNPATH_SEARCH_PATHS = (
					"$(inherited)",
					"@executable_path/Frameworks",
				);
				MARKETING_VERSION = 1.0;
				PRODUCT_BUNDLE_IDENTIFIER = Aithon.FitAi;
				PRODUCT_NAME = "$(TARGET_NAME)";
				STRING_CATALOG_GENERATE_SYMBOLS = YES;
				SWIFT_APPROACHABLE_CONCURRENCY = YES;
				SWIFT_DEFAULT_ACTOR_ISOLATION = MainActor;
				SWIFT_EMIT_LOC_STRINGS = YES;
				SWIFT_UPCOMING_FEATURE_MEMBER_IMPORT_VISIBILITY = YES;
				SWIFT_VERSION = 5.0;
				TARGETED_DEVICE_FAMILY = "1,2";
			};
			name = Release;
		};
/* End XCBuildConfiguration section */

/* Begin XCConfigurationList section */
		A480F2932F2CF09F005B95C5 /* Build configuration list for PBXProject "FitAi" */ = {
			isa = XCConfigurationList;
			buildConfigurations = (
				A480F2A12F2CF09F005B95C5 /* Debug */,
				A480F2A22F2CF09F005B95C5 /* Release */,
			);
			defaultConfigurationIsVisible = 0;
			defaultConfigurationName = Release;
		};
		A480F2A32F2CF09F005B95C5 /* Build configuration list for PBXNativeTarget "FitAi" */ = {
			isa = XCConfigurationList;
			buildConfigurations = (
				A480F2A42F2CF09F005B95C5 /* Debug */,
				A480F2A52F2CF09F005B95C5 /* Release */,
			);
			defaultConfigurationIsVisible = 0;
			defaultConfigurationName = Release;
		};
/* End XCConfigurationList section */

/* Begin XCRemoteSwiftPackageReference section */
		A480F2A62F2CF134005B95C5 /* XCRemoteSwiftPackageReference "supabase-swift" */ = {
			isa = XCRemoteSwiftPackageReference;
			repositoryURL = "https://github.com/supabase/supabase-swift";
			requirement = {
				kind = upToNextMajorVersion;
				minimumVersion = 2.5.1;
			};
		};
/* End XCRemoteSwiftPackageReference section */

/* Begin XCSwiftPackageProductDependency section */
		A480F2A72F2CF134005B95C5 /* Auth */ = {
			isa = XCSwiftPackageProductDependency;
			package = A480F2A62F2CF134005B95C5 /* XCRemoteSwiftPackageReference "supabase-swift" */;
			productName = Auth;
		};
		A480F2A92F2CF134005B95C5 /* Functions */ = {
			isa = XCSwiftPackageProductDependency;
			package = A480F2A62F2CF134005B95C5 /* XCRemoteSwiftPackageReference "supabase-swift" */;
			productName = Functions;
		};
		A480F2AB2F2CF134005B95C5 /* PostgREST */ = {
			isa = XCSwiftPackageProductDependency;
			package = A480F2A62F2CF134005B95C5 /* XCRemoteSwiftPackageReference "supabase-swift" */;
			productName = PostgREST;
		};
		A480F2AD2F2CF134005B95C5 /* Realtime */ = {
			isa = XCSwiftPackageProductDependency;
			package = A480F2A62F2CF134005B95C5 /* XCRemoteSwiftPackageReference "supabase-swift" */;
			productName = Realtime;
		};
		A480F2AF2F2CF134005B95C5 /* Storage */ = {
			isa = XCSwiftPackageProductDependency;
			package = A480F2A62F2CF134005B95C5 /* XCRemoteSwiftPackageReference "supabase-swift" */;
			productName = Storage;
		};
		A480F2B12F2CF200005B95C5 /* Supabase */ = {
			isa = XCSwiftPackageProductDependency;
			package = A480F2A62F2CF134005B95C5 /* XCRemoteSwiftPackageReference "supabase-swift" */;
			productName = Supabase;
		};
/* End XCSwiftPackageProductDependency section */
	};
	rootObject = A480F2902F2CF09F005B95C5 /* Project object */;
}
